// !$*UTF8*$!
{
	archiveVersion = 1;
	classes = {
	};
	objectVersion = 56;
	objects = {

/* Begin PBXBuildFile section */
		9187356129588D09002BAAA6 /* AppDelegate.swift in Sources */ = {isa = PBXBuildFile; fileRef = 9187356029588D09002BAAA6 /* AppDelegate.swift */; };
		9187356329588D09002BAAA6 /* SceneDelegate.swift in Sources */ = {isa = PBXBuildFile; fileRef = 9187356229588D09002BAAA6 /* SceneDelegate.swift */; };
		9187356829588D09002BAAA6 /* Main.storyboard in Resources */ = {isa = PBXBuildFile; fileRef = 9187356629588D09002BAAA6 /* Main.storyboard */; };
		9187356A29588D0A002BAAA6 /* Assets.xcassets in Resources */ = {isa = PBXBuildFile; fileRef = 9187356929588D0A002BAAA6 /* Assets.xcassets */; };
		9187356D29588D0A002BAAA6 /* LaunchScreen.storyboard in Resources */ = {isa = PBXBuildFile; fileRef = 9187356B29588D0A002BAAA6 /* LaunchScreen.storyboard */; };
		91F25B7C296978DD0017A83A /* Registration.swift in Sources */ = {isa = PBXBuildFile; fileRef = 91F25B7B296978DD0017A83A /* Registration.swift */; };
		91F25B7E29697E400017A83A /* AddRegistrationTableViewController.swift in Sources */ = {isa = PBXBuildFile; fileRef = 91F25B7D29697E400017A83A /* AddRegistrationTableViewController.swift */; };
		91FFA215296AED130069F6F0 /* RoomType.swift in Sources */ = {isa = PBXBuildFile; fileRef = 91FFA214296AED130069F6F0 /* RoomType.swift */; };
		91FFA217296AEE9E0069F6F0 /* SelectRoomTypeTableViewController.swift in Sources */ = {isa = PBXBuildFile; fileRef = 91FFA216296AEE9E0069F6F0 /* SelectRoomTypeTableViewController.swift */; };
		91FFA219296C5FDF0069F6F0 /* RegistrationTableViewController.swift in Sources */ = {isa = PBXBuildFile; fileRef = 91FFA218296C5FDF0069F6F0 /* RegistrationTableViewController.swift */; };
/* End PBXBuildFile section */

/* Begin PBXFileReference section */
		9187355D29588D09002BAAA6 /* Hotel Manzana.app */ = {isa = PBXFileReference; explicitFileType = wrapper.application; includeInIndex = 0; path = "Hotel Manzana.app"; sourceTree = BUILT_PRODUCTS_DIR; };
		9187356029588D09002BAAA6 /* AppDelegate.swift */ = {isa = PBXFileReference; lastKnownFileType = sourcecode.swift; path = AppDelegate.swift; sourceTree = "<group>"; };
		9187356229588D09002BAAA6 /* SceneDelegate.swift */ = {isa = PBXFileReference; lastKnownFileType = sourcecode.swift; path = SceneDelegate.swift; sourceTree = "<group>"; };
		9187356729588D09002BAAA6 /* Base */ = {isa = PBXFileReference; lastKnownFileType = file.storyboard; name = Base; path = Base.lproj/Main.storyboard; sourceTree = "<group>"; };
		9187356929588D0A002BAAA6 /* Assets.xcassets */ = {isa = PBXFileReference; lastKnownFileType = folder.assetcatalog; path = Assets.xcassets; sourceTree = "<group>"; };
		9187356C29588D0A002BAAA6 /* Base */ = {isa = PBXFileReference; lastKnownFileType = file.storyboard; name = Base; path = Base.lproj/LaunchScreen.storyboard; sourceTree = "<group>"; };
		9187356E29588D0A002BAAA6 /* Info.plist */ = {isa = PBXFileReference; lastKnownFileType = text.plist.xml; path = Info.plist; sourceTree = "<group>"; };
		91F25B7B296978DD0017A83A /* Registration.swift */ = {isa = PBXFileReference; lastKnownFileType = sourcecode.swift; path = Registration.swift; sourceTree = "<group>"; };
		91F25B7D29697E400017A83A /* AddRegistrationTableViewController.swift */ = {isa = PBXFileReference; lastKnownFileType = sourcecode.swift; path = AddRegistrationTableViewController.swift; sourceTree = "<group>"; };
		91FFA214296AED130069F6F0 /* RoomType.swift */ = {isa = PBXFileReference; lastKnownFileType = sourcecode.swift; path = RoomType.swift; sourceTree = "<group>"; };
		91FFA216296AEE9E0069F6F0 /* SelectRoomTypeTableViewController.swift */ = {isa = PBXFileReference; lastKnownFileType = sourcecode.swift; path = SelectRoomTypeTableViewController.swift; sourceTree = "<group>"; };
		91FFA218296C5FDF0069F6F0 /* RegistrationTableViewController.swift */ = {isa = PBXFileReference; lastKnownFileType = sourcecode.swift; path = RegistrationTableViewController.swift; sourceTree = "<group>"; };
/* End PBXFileReference section */

/* Begin PBXFrameworksBuildPhase section */
		9187355A29588D09002BAAA6 /* Frameworks */ = {
			isa = PBXFrameworksBuildPhase;
			buildActionMask = 2147483647;
			files = (
			);
			runOnlyForDeploymentPostprocessing = 0;
		};
/* End PBXFrameworksBuildPhase section */

/* Begin PBXGroup section */
		9187355429588D09002BAAA6 = {
			isa = PBXGroup;
			children = (
				9187355F29588D09002BAAA6 /* Hotel Manzana */,
				9187355E29588D09002BAAA6 /* Products */,
			);
			sourceTree = "<group>";
		};
		9187355E29588D09002BAAA6 /* Products */ = {
			isa = PBXGroup;
			children = (
				9187355D29588D09002BAAA6 /* Hotel Manzana.app */,
			);
			name = Products;
			sourceTree = "<group>";
		};
		9187355F29588D09002BAAA6 /* Hotel Manzana */ = {
			isa = PBXGroup;
			children = (
				9187356029588D09002BAAA6 /* AppDelegate.swift */,
				9187356229588D09002BAAA6 /* SceneDelegate.swift */,
				9187356629588D09002BAAA6 /* Main.storyboard */,
				91FFA218296C5FDF0069F6F0 /* RegistrationTableViewController.swift */,
				91F25B7D29697E400017A83A /* AddRegistrationTableViewController.swift */,
				91FFA216296AEE9E0069F6F0 /* SelectRoomTypeTableViewController.swift */,
				91FFA214296AED130069F6F0 /* RoomType.swift */,
				91F25B7B296978DD0017A83A /* Registration.swift */,
				9187356929588D0A002BAAA6 /* Assets.xcassets */,
				9187356B29588D0A002BAAA6 /* LaunchScreen.storyboard */,
				9187356E29588D0A002BAAA6 /* Info.plist */,
			);
			path = "Hotel Manzana";
			sourceTree = "<group>";
		};
/* End PBXGroup section */

/* Begin PBXNativeTarget section */
		9187355C29588D09002BAAA6 /* Hotel Manzana */ = {
			isa = PBXNativeTarget;
			buildConfigurationList = 9187357129588D0A002BAAA6 /* Build configuration list for PBXNativeTarget "Hotel Manzana" */;
			buildPhases = (
				9187355929588D09002BAAA6 /* Sources */,
				9187355A29588D09002BAAA6 /* Frameworks */,
				9187355B29588D09002BAAA6 /* Resources */,
			);
			buildRules = (
			);
			dependencies = (
			);
			name = "Hotel Manzana";
			productName = "Hotel Manzana";
			productReference = 9187355D29588D09002BAAA6 /* Hotel Manzana.app */;
			productType = "com.apple.product-type.application";
		};
/* End PBXNativeTarget section */

/* Begin PBXProject section */
		9187355529588D09002BAAA6 /* Project object */ = {
			isa = PBXProject;
			attributes = {
				BuildIndependentTargetsInParallel = 1;
				LastSwiftUpdateCheck = 1420;
				LastUpgradeCheck = 1420;
				TargetAttributes = {
					9187355C29588D09002BAAA6 = {
						CreatedOnToolsVersion = 14.2;
					};
				};
			};
			buildConfigurationList = 9187355829588D09002BAAA6 /* Build configuration list for PBXProject "Hotel Manzana" */;
			compatibilityVersion = "Xcode 14.0";
			developmentRegion = en;
			hasScannedForEncodings = 0;
			knownRegions = (
				en,
				Base,
			);
			mainGroup = 9187355429588D09002BAAA6;
			productRefGroup = 9187355E29588D09002BAAA6 /* Products */;
			projectDirPath = "";
			projectRoot = "";
			targets = (
				9187355C29588D09002BAAA6 /* Hotel Manzana */,
			);
		};
/* End PBXProject section */

/* Begin PBXResourcesBuildPhase section */
		9187355B29588D09002BAAA6 /* Resources */ = {
			isa = PBXResourcesBuildPhase;
			buildActionMask = 2147483647;
			files = (
				9187356D29588D0A002BAAA6 /* LaunchScreen.storyboard in Resources */,
				9187356A29588D0A002BAAA6 /* Assets.xcassets in Resources */,
				9187356829588D09002BAAA6 /* Main.storyboard in Resources */,
			);
			runOnlyForDeploymentPostprocessing = 0;
		};
/* End PBXResourcesBuildPhase section */

/* Begin PBXSourcesBuildPhase section */
		9187355929588D09002BAAA6 /* Sources */ = {
			isa = PBXSourcesBuildPhase;
			buildActionMask = 2147483647;
			files = (
				91FFA217296AEE9E0069F6F0 /* SelectRoomTypeTableViewController.swift in Sources */,
				9187356129588D09002BAAA6 /* AppDelegate.swift in Sources */,
				91F25B7C296978DD0017A83A /* Registration.swift in Sources */,
				91FFA215296AED130069F6F0 /* RoomType.swift in Sources */,
				91F25B7E29697E400017A83A /* AddRegistrationTableViewController.swift in Sources */,
				9187356329588D09002BAAA6 /* SceneDelegate.swift in Sources */,
				91FFA219296C5FDF0069F6F0 /* RegistrationTableViewController.swift in Sources */,
			);
			runOnlyForDeploymentPostprocessing = 0;
		};
/* End PBXSourcesBuildPhase section */

/* Begin PBXVariantGroup section */
		9187356629588D09002BAAA6 /* Main.storyboard */ = {
			isa = PBXVariantGroup;
			children = (
				9187356729588D09002BAAA6 /* Base */,
			);
			name = Main.storyboard;
			sourceTree = "<group>";
		};
		9187356B29588D0A002BAAA6 /* LaunchScreen.storyboard */ = {
			isa = PBXVariantGroup;
			children = (
				9187356C29588D0A002BAAA6 /* Base */,
			);
			name = LaunchScreen.storyboard;
			sourceTree = "<group>";
		};
/* End PBXVariantGroup section */

/* Begin XCBuildConfiguration section */
		9187356F29588D0A002BAAA6 /* Debug */ = {
			isa = XCBuildConfiguration;
			buildSettings = {
				ALWAYS_SEARCH_USER_PATHS = NO;
				CLANG_ANALYZER_NONNULL = YES;
				CLANG_ANALYZER_NUMBER_OBJECT_CONVERSION = YES_AGGRESSIVE;
				CLANG_CXX_LANGUAGE_STANDARD = "gnu++20";
				CLANG_ENABLE_MODULES = YES;
				CLANG_ENABLE_OBJC_ARC = YES;
				CLANG_ENABLE_OBJC_WEAK = YES;
				CLANG_WARN_BLOCK_CAPTURE_AUTORELEASING = YES;
				CLANG_WARN_BOOL_CONVERSION = YES;
				CLANG_WARN_COMMA = YES;
				CLANG_WARN_CONSTANT_CONVERSION = YES;
				CLANG_WARN_DEPRECATED_OBJC_IMPLEMENTATIONS = YES;
				CLANG_WARN_DIRECT_OBJC_ISA_USAGE = YES_ERROR;
				CLANG_WARN_DOCUMENTATION_COMMENTS = YES;
				CLANG_WARN_EMPTY_BODY = YES;
				CLANG_WARN_ENUM_CONVERSION = YES;
				CLANG_WARN_INFINITE_RECURSION = YES;
				CLANG_WARN_INT_CONVERSION = YES;
				CLANG_WARN_NON_LITERAL_NULL_CONVERSION = YES;
				CLANG_WARN_OBJC_IMPLICIT_RETAIN_SELF = YES;
				CLANG_WARN_OBJC_LITERAL_CONVERSION = YES;
				CLANG_WARN_OBJC_ROOT_CLASS = YES_ERROR;
				CLANG_WARN_QUOTED_INCLUDE_IN_FRAMEWORK_HEADER = YES;
				CLANG_WARN_RANGE_LOOP_ANALYSIS = YES;
				CLANG_WARN_STRICT_PROTOTYPES = YES;
				CLANG_WARN_SUSPICIOUS_MOVE = YES;
				CLANG_WARN_UNGUARDED_AVAILABILITY = YES_AGGRESSIVE;
				CLANG_WARN_UNREACHABLE_CODE = YES;
				CLANG_WARN__DUPLICATE_METHOD_MATCH = YES;
				COPY_PHASE_STRIP = NO;
				DEBUG_INFORMATION_FORMAT = dwarf;
				ENABLE_STRICT_OBJC_MSGSEND = YES;
				ENABLE_TESTABILITY = YES;
				GCC_C_LANGUAGE_STANDARD = gnu11;
				GCC_DYNAMIC_NO_PIC = NO;
				GCC_NO_COMMON_BLOCKS = YES;
				GCC_OPTIMIZATION_LEVEL = 0;
				GCC_PREPROCESSOR_DEFINITIONS = (
					"DEBUG=1",
					"$(inherited)",
				);
				GCC_WARN_64_TO_32_BIT_CONVERSION = YES;
				GCC_WARN_ABOUT_RETURN_TYPE = YES_ERROR;
				GCC_WARN_UNDECLARED_SELECTOR = YES;
				GCC_WARN_UNINITIALIZED_AUTOS = YES_AGGRESSIVE;
				GCC_WARN_UNUSED_FUNCTION = YES;
				GCC_WARN_UNUSED_VARIABLE = YES;
				IPHONEOS_DEPLOYMENT_TARGET = 16.2;
				MTL_ENABLE_DEBUG_INFO = INCLUDE_SOURCE;
				MTL_FAST_MATH = YES;
				ONLY_ACTIVE_ARCH = YES;
				SDKROOT = iphoneos;
				SWIFT_ACTIVE_COMPILATION_CONDITIONS = DEBUG;
				SWIFT_OPTIMIZATION_LEVEL = "-Onone";
			};
			name = Debug;
		};
		9187357029588D0A002BAAA6 /* Release */ = {
			isa = XCBuildConfiguration;
			buildSettings = {
				ALWAYS_SEARCH_USER_PATHS = NO;
				CLANG_ANALYZER_NONNULL = YES;
				CLANG_ANALYZER_NUMBER_OBJECT_CONVERSION = YES_AGGRESSIVE;
				CLANG_CXX_LANGUAGE_STANDARD = "gnu++20";
				CLANG_ENABLE_MODULES = YES;
				CLANG_ENABLE_OBJC_ARC = YES;
				CLANG_ENABLE_OBJC_WEAK = YES;
				CLANG_WARN_BLOCK_CAPTURE_AUTORELEASING = YES;
				CLANG_WARN_BOOL_CONVERSION = YES;
				CLANG_WARN_COMMA = YES;
				CLANG_WARN_CONSTANT_CONVERSION = YES;
				CLANG_WARN_DEPRECATED_OBJC_IMPLEMENTATIONS = YES;
				CLANG_WARN_DIRECT_OBJC_ISA_USAGE = YES_ERROR;
				CLANG_WARN_DOCUMENTATION_COMMENTS = YES;
				CLANG_WARN_EMPTY_BODY = YES;
				CLANG_WARN_ENUM_CONVERSION = YES;
				CLANG_WARN_INFINITE_RECURSION = YES;
				CLANG_WARN_INT_CONVERSION = YES;
				CLANG_WARN_NON_LITERAL_NULL_CONVERSION = YES;
				CLANG_WARN_OBJC_IMPLICIT_RETAIN_SELF = YES;
				CLANG_WARN_OBJC_LITERAL_CONVERSION = YES;
				CLANG_WARN_OBJC_ROOT_CLASS = YES_ERROR;
				CLANG_WARN_QUOTED_INCLUDE_IN_FRAMEWORK_HEADER = YES;
				CLANG_WARN_RANGE_LOOP_ANALYSIS = YES;
				CLANG_WARN_STRICT_PROTOTYPES = YES;
				CLANG_WARN_SUSPICIOUS_MOVE = YES;
				CLANG_WARN_UNGUARDED_AVAILABILITY = YES_AGGRESSIVE;
				CLANG_WARN_UNREACHABLE_CODE = YES;
				CLANG_WARN__DUPLICATE_METHOD_MATCH = YES;
				COPY_PHASE_STRIP = NO;
				DEBUG_INFORMATION_FORMAT = "dwarf-with-dsym";
				ENABLE_NS_ASSERTIONS = NO;
				ENABLE_STRICT_OBJC_MSGSEND = YES;
				GCC_C_LANGUAGE_STANDARD = gnu11;
				GCC_NO_COMMON_BLOCKS = YES;
				GCC_WARN_64_TO_32_BIT_CONVERSION = YES;
				GCC_WARN_ABOUT_RETURN_TYPE = YES_ERROR;
				GCC_WARN_UNDECLARED_SELECTOR = YES;
				GCC_WARN_UNINITIALIZED_AUTOS = YES_AGGRESSIVE;
				GCC_WARN_UNUSED_FUNCTION = YES;
				GCC_WARN_UNUSED_VARIABLE = YES;
				IPHONEOS_DEPLOYMENT_TARGET = 16.2;
				MTL_ENABLE_DEBUG_INFO = NO;
				MTL_FAST_MATH = YES;
				SDKROOT = iphoneos;
				SWIFT_COMPILATION_MODE = wholemodule;
				SWIFT_OPTIMIZATION_LEVEL = "-O";
				VALIDATE_PRODUCT = YES;
			};
			name = Release;
		};
		9187357229588D0A002BAAA6 /* Debug */ = {
			isa = XCBuildConfiguration;
			buildSettings = {
				ASSETCATALOG_COMPILER_APPICON_NAME = AppIcon;
				ASSETCATALOG_COMPILER_GLOBAL_ACCENT_COLOR_NAME = AccentColor;
				CODE_SIGN_STYLE = Automatic;
				CURRENT_PROJECT_VERSION = 1;
				DEVELOPMENT_TEAM = UZVJKNB3WY;
				GENERATE_INFOPLIST_FILE = YES;
				INFOPLIST_FILE = "Hotel Manzana/Info.plist";
				INFOPLIST_KEY_UIApplicationSupportsIndirectInputEvents = YES;
				INFOPLIST_KEY_UILaunchStoryboardName = LaunchScreen;
				INFOPLIST_KEY_UIMainStoryboardFile = Main;
				INFOPLIST_KEY_UISupportedInterfaceOrientations_iPad = "UIInterfaceOrientationPortrait UIInterfaceOrientationPortraitUpsideDown UIInterfaceOrientationLandscapeLeft UIInterfaceOrientationLandscapeRight";
				INFOPLIST_KEY_UISupportedInterfaceOrientations_iPhone = "UIInterfaceOrientationPortrait UIInterfaceOrientationLandscapeLeft UIInterfaceOrientationLandscapeRight";
				LD_RUNPATH_SEARCH_PATHS = (
					"$(inherited)",
					"@executable_path/Frameworks",
				);
				MARKETING_VERSION = 1.0;
				PRODUCT_BUNDLE_IDENTIFIER = "com.eremenko.Hotel-Manzana";
				PRODUCT_NAME = "$(TARGET_NAME)";
				SWIFT_EMIT_LOC_STRINGS = YES;
				SWIFT_VERSION = 5.0;
				TARGETED_DEVICE_FAMILY = "1,2";
			};
			name = Debug;
		};
		9187357329588D0A002BAAA6 /* Release */ = {
			isa = XCBuildConfiguration;
			buildSettings = {
				ASSETCATALOG_COMPILER_APPICON_NAME = AppIcon;
				ASSETCATALOG_COMPILER_GLOBAL_ACCENT_COLOR_NAME = AccentColor;
				CODE_SIGN_STYLE = Automatic;
				CURRENT_PROJECT_VERSION = 1;
				DEVELOPMENT_TEAM = UZVJKNB3WY;
				GENERATE_INFOPLIST_FILE = YES;
				INFOPLIST_FILE = "Hotel Manzana/Info.plist";
				INFOPLIST_KEY_UIApplicationSupportsIndirectInputEvents = YES;
				INFOPLIST_KEY_UILaunchStoryboardName = LaunchScreen;
				INFOPLIST_KEY_UIMainStoryboardFile = Main;
				INFOPLIST_KEY_UISupportedInterfaceOrientations_iPad = "UIInterfaceOrientationPortrait UIInterfaceOrientationPortraitUpsideDown UIInterfaceOrientationLandscapeLeft UIInterfaceOrientationLandscapeRight";
				INFOPLIST_KEY_UISupportedInterfaceOrientations_iPhone = "UIInterfaceOrientationPortrait UIInterfaceOrientationLandscapeLeft UIInterfaceOrientationLandscapeRight";
				LD_RUNPATH_SEARCH_PATHS = (
					"$(inherited)",
					"@executable_path/Frameworks",
				);
				MARKETING_VERSION = 1.0;
				PRODUCT_BUNDLE_IDENTIFIER = "com.eremenko.Hotel-Manzana";
				PRODUCT_NAME = "$(TARGET_NAME)";
				SWIFT_EMIT_LOC_STRINGS = YES;
				SWIFT_VERSION = 5.0;
				TARGETED_DEVICE_FAMILY = "1,2";
			};
			name = Release;
		};
/* End XCBuildConfiguration section */

/* Begin XCConfigurationList section */
		9187355829588D09002BAAA6 /* Build configuration list for PBXProject "Hotel Manzana" */ = {
			isa = XCConfigurationList;
			buildConfigurations = (
				9187356F29588D0A002BAAA6 /* Debug */,
				9187357029588D0A002BAAA6 /* Release */,
			);
			defaultConfigurationIsVisible = 0;
			defaultConfigurationName = Release;
		};
		9187357129588D0A002BAAA6 /* Build configuration list for PBXNativeTarget "Hotel Manzana" */ = {
			isa = XCConfigurationList;
			buildConfigurations = (
				9187357229588D0A002BAAA6 /* Debug */,
				9187357329588D0A002BAAA6 /* Release */,
			);
			defaultConfigurationIsVisible = 0;
			defaultConfigurationName = Release;
		};
/* End XCConfigurationList section */
	};
	rootObject = 9187355529588D09002BAAA6 /* Project object */;
}
